{
  "name": "benchmark",
  "version": "0.0.1",
  "lockfileVersion": 1,
  "requires": true,
  "dependencies": {
    "benchmark": {
      "version": "2.1.4",
      "resolved": "https://sinopia.logtrust.com/benchmark/-/benchmark-2.1.4.tgz",
      "integrity": "sha1-CfPeMckWQl1JjMLuVloOvzwqVik=",
      "requires": {
        "lodash": "4.17.4",
        "platform": "1.3.4"
      }
    },
    "jstz": {
      "version": "1.0.11",
      "resolved": "https://sinopia.logtrust.com/jstz/-/jstz-1.0.11.tgz",
      "integrity": "sha512-TII4P76PQfjffpzl3mk6SyqOr0sUqK+zWm1GLv505j9vXNfAPxKC5uWa/hwcPJ0mZvuP3u2xjm3OGuKRlEw/Yw=="
    },
    "lodash": {
      "version": "4.17.4",
      "resolved": "https://sinopia.logtrust.com/lodash/-/lodash-4.17.4.tgz",
      "integrity": "sha1-eCA6TRwyiuHYbcpkYONptX9AVa4="
    },
    "lru-cache": {
      "version": "4.1.1",
      "resolved": "https://sinopia.logtrust.com/lru-cache/-/lru-cache-4.1.1.tgz",
      "integrity": "sha512-q4spe4KTfsAS1SUHLO0wz8Qiyf1+vMIAgpRYioFYDMNqKfHQbg+AVDH3i4fvpl71/P1L0dBl+fQi+P37UYf0ew==",
      "requires": {
        "pseudomap": "1.0.2",
        "yallist": "2.1.2"
      }
    },
    "lutier": {
      "version": "1.0.7",
      "resolved": "https://sinopia.logtrust.com/lutier/-/lutier-1.0.7.tgz",
      "integrity": "sha512-wE4a2xWwqeIBuDxFmkgY4ROAWFo+LZ1Ru8gRrs0XRzlLUByAp0pWSSm6F820xbqiCLmmb3bEEOxulsEDREh/fA==",
      "requires": {
        "jstz": "1.0.11",
        "lodash": "4.17.4",
        "moment": "2.19.1"
      }
    },
    "moment": {
      "version": "2.19.1",
      "resolved": "https://sinopia.logtrust.com/moment/-/moment-2.19.1.tgz",
      "integrity": "sha1-VtoaLRy/AdOLfhr8McELz6GSkWc="
    },
    "platform": {
      "version": "1.3.4",
      "resolved": "https://sinopia.logtrust.com/platform/-/platform-1.3.4.tgz",
      "integrity": "sha1-bw+xftqqSPIUQrOpdcBjEw8cPr0="
    },
    "pseudomap": {
      "version": "1.0.2",
      "resolved": "https://sinopia.logtrust.com/pseudomap/-/pseudomap-1.0.2.tgz",
      "integrity": "sha1-8FKijacOYYkX7wqKw0wa5aaChrM="
    },
    "stdio": {
      "version": "0.2.7",
      "resolved": "https://sinopia.logtrust.com/stdio/-/stdio-0.2.7.tgz",
      "integrity": "sha1-ocV9oQ/hz6oMO/aDydB0PRtmCDk="
    },
    "underscore": {
      "version": "1.8.3",
      "resolved": "https://sinopia.logtrust.com/underscore/-/underscore-1.8.3.tgz",
      "integrity": "sha1-Tz+1OxBuYJf8+ctBCfKl6b36UCI="
    },
    "yallist": {
      "version": "2.1.2",
      "resolved": "https://sinopia.logtrust.com/yallist/-/yallist-2.1.2.tgz",
      "integrity": "sha1-HBH5IY8HYImkfdUS+TxmmaaoHVI="
    }
  }
}
